// !$*UTF8*$!
{
	archiveVersion = 1;
	classes = {
	};
	objectVersion = 56;
	objects = {

/* Begin PBXBuildFile section */
		6E30360D2C307CEE00801E59 /* UpdateList.swift in Sources */ = {isa = PBXBuildFile; fileRef = 6E30360C2C307CEE00801E59 /* UpdateList.swift */; };
		6E30360F2C3083E100801E59 /* UpdateDetail.swift in Sources */ = {isa = PBXBuildFile; fileRef = 6E30360E2C3083E100801E59 /* UpdateDetail.swift */; };
		6E3036112C30950C00801E59 /* UpdateStore.swift in Sources */ = {isa = PBXBuildFile; fileRef = 6E3036102C30950C00801E59 /* UpdateStore.swift */; };
		6E3036132C309FA800801E59 /* TabBar.swift in Sources */ = {isa = PBXBuildFile; fileRef = 6E3036122C309FA800801E59 /* TabBar.swift */; };
		6E3036182C30C50900801E59 /* RingView.swift in Sources */ = {isa = PBXBuildFile; fileRef = 6E3036172C30C50900801E59 /* RingView.swift */; };
		6E5ADE132C2F862700D10200 /* HomeView.swift in Sources */ = {isa = PBXBuildFile; fileRef = 6E5ADE122C2F862700D10200 /* HomeView.swift */; };
		6E7283942C2EF27E00FE450C /* MenuView.swift in Sources */ = {isa = PBXBuildFile; fileRef = 6E7283932C2EF27E00FE450C /* MenuView.swift */; };
		6EEE46162C2F5D1E00C34120 /* Home.swift in Sources */ = {isa = PBXBuildFile; fileRef = 6EEE46152C2F5D1E00C34120 /* Home.swift */; };
		6EEFA4252C2DBD7B00FF188C /* InteractiveXApp.swift in Sources */ = {isa = PBXBuildFile; fileRef = 6EEFA4242C2DBD7B00FF188C /* InteractiveXApp.swift */; };
		6EEFA4272C2DBD7B00FF188C /* ContentView.swift in Sources */ = {isa = PBXBuildFile; fileRef = 6EEFA4262C2DBD7B00FF188C /* ContentView.swift */; };
		6EEFA4292C2DBD7C00FF188C /* Assets.xcassets in Resources */ = {isa = PBXBuildFile; fileRef = 6EEFA4282C2DBD7C00FF188C /* Assets.xcassets */; };
		6EEFA4372C2DBD7C00FF188C /* InteractiveXTests.swift in Sources */ = {isa = PBXBuildFile; fileRef = 6EEFA4362C2DBD7C00FF188C /* InteractiveXTests.swift */; };
		6EEFA4412C2DBD7C00FF188C /* InteractiveXUITests.swift in Sources */ = {isa = PBXBuildFile; fileRef = 6EEFA4402C2DBD7C00FF188C /* InteractiveXUITests.swift */; };
		6EEFA4432C2DBD7C00FF188C /* InteractiveXUITestsLaunchTests.swift in Sources */ = {isa = PBXBuildFile; fileRef = 6EEFA4422C2DBD7C00FF188C /* InteractiveXUITestsLaunchTests.swift */; };
/* End PBXBuildFile section */

/* Begin PBXContainerItemProxy section */
		6EEFA4332C2DBD7C00FF188C /* PBXContainerItemProxy */ = {
			isa = PBXContainerItemProxy;
			containerPortal = 6EEFA4192C2DBD7B00FF188C /* Project object */;
			proxyType = 1;
			remoteGlobalIDString = 6EEFA4202C2DBD7B00FF188C;
			remoteInfo = InteractiveX;
		};
		6EEFA43D2C2DBD7C00FF188C /* PBXContainerItemProxy */ = {
			isa = PBXContainerItemProxy;
			containerPortal = 6EEFA4192C2DBD7B00FF188C /* Project object */;
			proxyType = 1;
			remoteGlobalIDString = 6EEFA4202C2DBD7B00FF188C;
			remoteInfo = InteractiveX;
		};
/* End PBXContainerItemProxy section */

/* Begin PBXFileReference section */
		6E30360C2C307CEE00801E59 /* UpdateList.swift */ = {isa = PBXFileReference; lastKnownFileType = sourcecode.swift; path = UpdateList.swift; sourceTree = "<group>"; };
		6E30360E2C3083E100801E59 /* UpdateDetail.swift */ = {isa = PBXFileReference; lastKnownFileType = sourcecode.swift; path = UpdateDetail.swift; sourceTree = "<group>"; };
		6E3036102C30950C00801E59 /* UpdateStore.swift */ = {isa = PBXFileReference; lastKnownFileType = sourcecode.swift; path = UpdateStore.swift; sourceTree = "<group>"; };
		6E3036122C309FA800801E59 /* TabBar.swift */ = {isa = PBXFileReference; lastKnownFileType = sourcecode.swift; path = TabBar.swift; sourceTree = "<group>"; };
		6E3036142C30A3E400801E59 /* Info.plist */ = {isa = PBXFileReference; lastKnownFileType = text.plist; path = Info.plist; sourceTree = "<group>"; };
		6E3036172C30C50900801E59 /* RingView.swift */ = {isa = PBXFileReference; lastKnownFileType = sourcecode.swift; path = RingView.swift; sourceTree = "<group>"; };
		6E5ADE122C2F862700D10200 /* HomeView.swift */ = {isa = PBXFileReference; lastKnownFileType = sourcecode.swift; path = HomeView.swift; sourceTree = "<group>"; };
		6E7283932C2EF27E00FE450C /* MenuView.swift */ = {isa = PBXFileReference; lastKnownFileType = sourcecode.swift; path = MenuView.swift; sourceTree = "<group>"; };
		6EEE46152C2F5D1E00C34120 /* Home.swift */ = {isa = PBXFileReference; lastKnownFileType = sourcecode.swift; path = Home.swift; sourceTree = "<group>"; };
		6EEFA4212C2DBD7B00FF188C /* InteractiveX.app */ = {isa = PBXFileReference; explicitFileType = wrapper.application; includeInIndex = 0; path = InteractiveX.app; sourceTree = BUILT_PRODUCTS_DIR; };
		6EEFA4242C2DBD7B00FF188C /* InteractiveXApp.swift */ = {isa = PBXFileReference; lastKnownFileType = sourcecode.swift; path = InteractiveXApp.swift; sourceTree = "<group>"; };
		6EEFA4262C2DBD7B00FF188C /* ContentView.swift */ = {isa = PBXFileReference; lastKnownFileType = sourcecode.swift; path = ContentView.swift; sourceTree = "<group>"; };
		6EEFA4282C2DBD7C00FF188C /* Assets.xcassets */ = {isa = PBXFileReference; lastKnownFileType = folder.assetcatalog; path = Assets.xcassets; sourceTree = "<group>"; };
		6EEFA42A2C2DBD7C00FF188C /* InteractiveX.entitlements */ = {isa = PBXFileReference; lastKnownFileType = text.plist.entitlements; path = InteractiveX.entitlements; sourceTree = "<group>"; };
		6EEFA4322C2DBD7C00FF188C /* InteractiveXTests.xctest */ = {isa = PBXFileReference; explicitFileType = wrapper.cfbundle; includeInIndex = 0; path = InteractiveXTests.xctest; sourceTree = BUILT_PRODUCTS_DIR; };
		6EEFA4362C2DBD7C00FF188C /* InteractiveXTests.swift */ = {isa = PBXFileReference; lastKnownFileType = sourcecode.swift; path = InteractiveXTests.swift; sourceTree = "<group>"; };
		6EEFA43C2C2DBD7C00FF188C /* InteractiveXUITests.xctest */ = {isa = PBXFileReference; explicitFileType = wrapper.cfbundle; includeInIndex = 0; path = InteractiveXUITests.xctest; sourceTree = BUILT_PRODUCTS_DIR; };
		6EEFA4402C2DBD7C00FF188C /* InteractiveXUITests.swift */ = {isa = PBXFileReference; lastKnownFileType = sourcecode.swift; path = InteractiveXUITests.swift; sourceTree = "<group>"; };
		6EEFA4422C2DBD7C00FF188C /* InteractiveXUITestsLaunchTests.swift */ = {isa = PBXFileReference; lastKnownFileType = sourcecode.swift; path = InteractiveXUITestsLaunchTests.swift; sourceTree = "<group>"; };
/* End PBXFileReference section */

/* Begin PBXFrameworksBuildPhase section */
		6EEFA41E2C2DBD7B00FF188C /* Frameworks */ = {
			isa = PBXFrameworksBuildPhase;
			buildActionMask = 2147483647;
			files = (
			);
			runOnlyForDeploymentPostprocessing = 0;
		};
		6EEFA42F2C2DBD7C00FF188C /* Frameworks */ = {
			isa = PBXFrameworksBuildPhase;
			buildActionMask = 2147483647;
			files = (
			);
			runOnlyForDeploymentPostprocessing = 0;
		};
		6EEFA4392C2DBD7C00FF188C /* Frameworks */ = {
			isa = PBXFrameworksBuildPhase;
			buildActionMask = 2147483647;
			files = (
			);
			runOnlyForDeploymentPostprocessing = 0;
		};
/* End PBXFrameworksBuildPhase section */

/* Begin PBXGroup section */
		6EEE46142C2F5CC500C34120 /* Preview Content */ = {
			isa = PBXGroup;
			children = (
			);
			path = "Preview Content";
			sourceTree = "<group>";
		};
		6EEFA4182C2DBD7B00FF188C = {
			isa = PBXGroup;
			children = (
				6EEE46142C2F5CC500C34120 /* Preview Content */,
				6EEFA4232C2DBD7B00FF188C /* InteractiveX */,
				6EEFA4352C2DBD7C00FF188C /* InteractiveXTests */,
				6EEFA43F2C2DBD7C00FF188C /* InteractiveXUITests */,
				6EEFA4222C2DBD7B00FF188C /* Products */,
			);
			sourceTree = "<group>";
		};
		6EEFA4222C2DBD7B00FF188C /* Products */ = {
			isa = PBXGroup;
			children = (
				6EEFA4212C2DBD7B00FF188C /* InteractiveX.app */,
				6EEFA4322C2DBD7C00FF188C /* InteractiveXTests.xctest */,
				6EEFA43C2C2DBD7C00FF188C /* InteractiveXUITests.xctest */,
			);
			name = Products;
			sourceTree = "<group>";
		};
		6EEFA4232C2DBD7B00FF188C /* InteractiveX */ = {
			isa = PBXGroup;
			children = (
				6E3036142C30A3E400801E59 /* Info.plist */,
				6EEFA4242C2DBD7B00FF188C /* InteractiveXApp.swift */,
				6EEFA4262C2DBD7B00FF188C /* ContentView.swift */,
				6E3036172C30C50900801E59 /* RingView.swift */,
				6E7283932C2EF27E00FE450C /* MenuView.swift */,
				6EEE46152C2F5D1E00C34120 /* Home.swift */,
				6E30360C2C307CEE00801E59 /* UpdateList.swift */,
				6E30360E2C3083E100801E59 /* UpdateDetail.swift */,
				6E3036102C30950C00801E59 /* UpdateStore.swift */,
				6E5ADE122C2F862700D10200 /* HomeView.swift */,
				6E3036122C309FA800801E59 /* TabBar.swift */,
				6EEFA4282C2DBD7C00FF188C /* Assets.xcassets */,
				6EEFA42A2C2DBD7C00FF188C /* InteractiveX.entitlements */,
			);
			path = InteractiveX;
			sourceTree = "<group>";
		};
		6EEFA4352C2DBD7C00FF188C /* InteractiveXTests */ = {
			isa = PBXGroup;
			children = (
				6EEFA4362C2DBD7C00FF188C /* InteractiveXTests.swift */,
			);
			path = InteractiveXTests;
			sourceTree = "<group>";
		};
		6EEFA43F2C2DBD7C00FF188C /* InteractiveXUITests */ = {
			isa = PBXGroup;
			children = (
				6EEFA4402C2DBD7C00FF188C /* InteractiveXUITests.swift */,
				6EEFA4422C2DBD7C00FF188C /* InteractiveXUITestsLaunchTests.swift */,
			);
			path = InteractiveXUITests;
			sourceTree = "<group>";
		};
/* End PBXGroup section */

/* Begin PBXNativeTarget section */
		6EEFA4202C2DBD7B00FF188C /* InteractiveX */ = {
			isa = PBXNativeTarget;
			buildConfigurationList = 6EEFA4462C2DBD7C00FF188C /* Build configuration list for PBXNativeTarget "InteractiveX" */;
			buildPhases = (
				6EEFA41D2C2DBD7B00FF188C /* Sources */,
				6EEFA41E2C2DBD7B00FF188C /* Frameworks */,
				6EEFA41F2C2DBD7B00FF188C /* Resources */,
			);
			buildRules = (
			);
			dependencies = (
			);
			name = InteractiveX;
			productName = InteractiveX;
			productReference = 6EEFA4212C2DBD7B00FF188C /* InteractiveX.app */;
			productType = "com.apple.product-type.application";
		};
		6EEFA4312C2DBD7C00FF188C /* InteractiveXTests */ = {
			isa = PBXNativeTarget;
			buildConfigurationList = 6EEFA4492C2DBD7C00FF188C /* Build configuration list for PBXNativeTarget "InteractiveXTests" */;
			buildPhases = (
				6EEFA42E2C2DBD7C00FF188C /* Sources */,
				6EEFA42F2C2DBD7C00FF188C /* Frameworks */,
				6EEFA4302C2DBD7C00FF188C /* Resources */,
			);
			buildRules = (
			);
			dependencies = (
				6EEFA4342C2DBD7C00FF188C /* PBXTargetDependency */,
			);
			name = InteractiveXTests;
			productName = InteractiveXTests;
			productReference = 6EEFA4322C2DBD7C00FF188C /* InteractiveXTests.xctest */;
			productType = "com.apple.product-type.bundle.unit-test";
		};
		6EEFA43B2C2DBD7C00FF188C /* InteractiveXUITests */ = {
			isa = PBXNativeTarget;
			buildConfigurationList = 6EEFA44C2C2DBD7C00FF188C /* Build configuration list for PBXNativeTarget "InteractiveXUITests" */;
			buildPhases = (
				6EEFA4382C2DBD7C00FF188C /* Sources */,
				6EEFA4392C2DBD7C00FF188C /* Frameworks */,
				6EEFA43A2C2DBD7C00FF188C /* Resources */,
			);
			buildRules = (
			);
			dependencies = (
				6EEFA43E2C2DBD7C00FF188C /* PBXTargetDependency */,
			);
			name = InteractiveXUITests;
			productName = InteractiveXUITests;
			productReference = 6EEFA43C2C2DBD7C00FF188C /* InteractiveXUITests.xctest */;
			productType = "com.apple.product-type.bundle.ui-testing";
		};
/* End PBXNativeTarget section */

/* Begin PBXProject section */
		6EEFA4192C2DBD7B00FF188C /* Project object */ = {
			isa = PBXProject;
			attributes = {
				BuildIndependentTargetsInParallel = 1;
				LastSwiftUpdateCheck = 1540;
				LastUpgradeCheck = 1540;
				TargetAttributes = {
					6EEFA4202C2DBD7B00FF188C = {
						CreatedOnToolsVersion = 15.4;
					};
					6EEFA4312C2DBD7C00FF188C = {
						CreatedOnToolsVersion = 15.4;
						TestTargetID = 6EEFA4202C2DBD7B00FF188C;
					};
					6EEFA43B2C2DBD7C00FF188C = {
						CreatedOnToolsVersion = 15.4;
						TestTargetID = 6EEFA4202C2DBD7B00FF188C;
					};
				};
			};
			buildConfigurationList = 6EEFA41C2C2DBD7B00FF188C /* Build configuration list for PBXProject "InteractiveX" */;
			compatibilityVersion = "Xcode 14.0";
			developmentRegion = en;
			hasScannedForEncodings = 0;
			knownRegions = (
				en,
				Base,
			);
			mainGroup = 6EEFA4182C2DBD7B00FF188C;
			productRefGroup = 6EEFA4222C2DBD7B00FF188C /* Products */;
			projectDirPath = "";
			projectRoot = "";
			targets = (
				6EEFA4202C2DBD7B00FF188C /* InteractiveX */,
				6EEFA4312C2DBD7C00FF188C /* InteractiveXTests */,
				6EEFA43B2C2DBD7C00FF188C /* InteractiveXUITests */,
			);
		};
/* End PBXProject section */

/* Begin PBXResourcesBuildPhase section */
		6EEFA41F2C2DBD7B00FF188C /* Resources */ = {
			isa = PBXResourcesBuildPhase;
			buildActionMask = 2147483647;
			files = (
				6EEFA4292C2DBD7C00FF188C /* Assets.xcassets in Resources */,
			);
			runOnlyForDeploymentPostprocessing = 0;
		};
		6EEFA4302C2DBD7C00FF188C /* Resources */ = {
			isa = PBXResourcesBuildPhase;
			buildActionMask = 2147483647;
			files = (
			);
			runOnlyForDeploymentPostprocessing = 0;
		};
		6EEFA43A2C2DBD7C00FF188C /* Resources */ = {
			isa = PBXResourcesBuildPhase;
			buildActionMask = 2147483647;
			files = (
			);
			runOnlyForDeploymentPostprocessing = 0;
		};
/* End PBXResourcesBuildPhase section */

/* Begin PBXSourcesBuildPhase section */
		6EEFA41D2C2DBD7B00FF188C /* Sources */ = {
			isa = PBXSourcesBuildPhase;
			buildActionMask = 2147483647;
			files = (
				6E3036182C30C50900801E59 /* RingView.swift in Sources */,
				6E3036132C309FA800801E59 /* TabBar.swift in Sources */,
				6E30360F2C3083E100801E59 /* UpdateDetail.swift in Sources */,
				6EEFA4272C2DBD7B00FF188C /* ContentView.swift in Sources */,
				6E7283942C2EF27E00FE450C /* MenuView.swift in Sources */,
				6E30360D2C307CEE00801E59 /* UpdateList.swift in Sources */,
				6E3036112C30950C00801E59 /* UpdateStore.swift in Sources */,
				6EEE46162C2F5D1E00C34120 /* Home.swift in Sources */,
				6E5ADE132C2F862700D10200 /* HomeView.swift in Sources */,
				6EEFA4252C2DBD7B00FF188C /* InteractiveXApp.swift in Sources */,
			);
			runOnlyForDeploymentPostprocessing = 0;
		};
		6EEFA42E2C2DBD7C00FF188C /* Sources */ = {
			isa = PBXSourcesBuildPhase;
			buildActionMask = 2147483647;
			files = (
				6EEFA4372C2DBD7C00FF188C /* InteractiveXTests.swift in Sources */,
			);
			runOnlyForDeploymentPostprocessing = 0;
		};
		6EEFA4382C2DBD7C00FF188C /* Sources */ = {
			isa = PBXSourcesBuildPhase;
			buildActionMask = 2147483647;
			files = (
				6EEFA4432C2DBD7C00FF188C /* InteractiveXUITestsLaunchTests.swift in Sources */,
				6EEFA4412C2DBD7C00FF188C /* InteractiveXUITests.swift in Sources */,
			);
			runOnlyForDeploymentPostprocessing = 0;
		};
/* End PBXSourcesBuildPhase section */

/* Begin PBXTargetDependency section */
		6EEFA4342C2DBD7C00FF188C /* PBXTargetDependency */ = {
			isa = PBXTargetDependency;
			target = 6EEFA4202C2DBD7B00FF188C /* InteractiveX */;
			targetProxy = 6EEFA4332C2DBD7C00FF188C /* PBXContainerItemProxy */;
		};
		6EEFA43E2C2DBD7C00FF188C /* PBXTargetDependency */ = {
			isa = PBXTargetDependency;
			target = 6EEFA4202C2DBD7B00FF188C /* InteractiveX */;
			targetProxy = 6EEFA43D2C2DBD7C00FF188C /* PBXContainerItemProxy */;
		};
/* End PBXTargetDependency section */

/* Begin XCBuildConfiguration section */
		6EEFA4442C2DBD7C00FF188C /* Debug */ = {
			isa = XCBuildConfiguration;
			buildSettings = {
				ALWAYS_SEARCH_USER_PATHS = NO;
				ASSETCATALOG_COMPILER_GENERATE_SWIFT_ASSET_SYMBOL_EXTENSIONS = YES;
				CLANG_ANALYZER_NONNULL = YES;
				CLANG_ANALYZER_NUMBER_OBJECT_CONVERSION = YES_AGGRESSIVE;
				CLANG_CXX_LANGUAGE_STANDARD = "gnu++20";
				CLANG_ENABLE_MODULES = YES;
				CLANG_ENABLE_OBJC_ARC = YES;
				CLANG_ENABLE_OBJC_WEAK = YES;
				CLANG_WARN_BLOCK_CAPTURE_AUTORELEASING = YES;
				CLANG_WARN_BOOL_CONVERSION = YES;
				CLANG_WARN_COMMA = YES;
				CLANG_WARN_CONSTANT_CONVERSION = YES;
				CLANG_WARN_DEPRECATED_OBJC_IMPLEMENTATIONS = YES;
				CLANG_WARN_DIRECT_OBJC_ISA_USAGE = YES_ERROR;
				CLANG_WARN_DOCUMENTATION_COMMENTS = YES;
				CLANG_WARN_EMPTY_BODY = YES;
				CLANG_WARN_ENUM_CONVERSION = YES;
				CLANG_WARN_INFINITE_RECURSION = YES;
				CLANG_WARN_INT_CONVERSION = YES;
				CLANG_WARN_NON_LITERAL_NULL_CONVERSION = YES;
				CLANG_WARN_OBJC_IMPLICIT_RETAIN_SELF = YES;
				CLANG_WARN_OBJC_LITERAL_CONVERSION = YES;
				CLANG_WARN_OBJC_ROOT_CLASS = YES_ERROR;
				CLANG_WARN_QUOTED_INCLUDE_IN_FRAMEWORK_HEADER = YES;
				CLANG_WARN_RANGE_LOOP_ANALYSIS = YES;
				CLANG_WARN_STRICT_PROTOTYPES = YES;
				CLANG_WARN_SUSPICIOUS_MOVE = YES;
				CLANG_WARN_UNGUARDED_AVAILABILITY = YES_AGGRESSIVE;
				CLANG_WARN_UNREACHABLE_CODE = YES;
				CLANG_WARN__DUPLICATE_METHOD_MATCH = YES;
				COPY_PHASE_STRIP = NO;
				DEBUG_INFORMATION_FORMAT = dwarf;
				ENABLE_STRICT_OBJC_MSGSEND = YES;
				ENABLE_TESTABILITY = YES;
				ENABLE_USER_SCRIPT_SANDBOXING = YES;
				GCC_C_LANGUAGE_STANDARD = gnu17;
				GCC_DYNAMIC_NO_PIC = NO;
				GCC_NO_COMMON_BLOCKS = YES;
				GCC_OPTIMIZATION_LEVEL = 0;
				GCC_PREPROCESSOR_DEFINITIONS = (
					"DEBUG=1",
					"$(inherited)",
				);
				GCC_WARN_64_TO_32_BIT_CONVERSION = YES;
				GCC_WARN_ABOUT_RETURN_TYPE = YES_ERROR;
				GCC_WARN_UNDECLARED_SELECTOR = YES;
				GCC_WARN_UNINITIALIZED_AUTOS = YES_AGGRESSIVE;
				GCC_WARN_UNUSED_FUNCTION = YES;
				GCC_WARN_UNUSED_VARIABLE = YES;
				LOCALIZATION_PREFERS_STRING_CATALOGS = YES;
				MTL_ENABLE_DEBUG_INFO = INCLUDE_SOURCE;
				MTL_FAST_MATH = YES;
				ONLY_ACTIVE_ARCH = YES;
				SWIFT_ACTIVE_COMPILATION_CONDITIONS = "DEBUG $(inherited)";
				SWIFT_OPTIMIZATION_LEVEL = "-Onone";
			};
			name = Debug;
		};
		6EEFA4452C2DBD7C00FF188C /* Release */ = {
			isa = XCBuildConfiguration;
			buildSettings = {
				ALWAYS_SEARCH_USER_PATHS = NO;
				ASSETCATALOG_COMPILER_GENERATE_SWIFT_ASSET_SYMBOL_EXTENSIONS = YES;
				CLANG_ANALYZER_NONNULL = YES;
				CLANG_ANALYZER_NUMBER_OBJECT_CONVERSION = YES_AGGRESSIVE;
				CLANG_CXX_LANGUAGE_STANDARD = "gnu++20";
				CLANG_ENABLE_MODULES = YES;
				CLANG_ENABLE_OBJC_ARC = YES;
				CLANG_ENABLE_OBJC_WEAK = YES;
				CLANG_WARN_BLOCK_CAPTURE_AUTORELEASING = YES;
				CLANG_WARN_BOOL_CONVERSION = YES;
				CLANG_WARN_COMMA = YES;
				CLANG_WARN_CONSTANT_CONVERSION = YES;
				CLANG_WARN_DEPRECATED_OBJC_IMPLEMENTATIONS = YES;
				CLANG_WARN_DIRECT_OBJC_ISA_USAGE = YES_ERROR;
				CLANG_WARN_DOCUMENTATION_COMMENTS = YES;
				CLANG_WARN_EMPTY_BODY = YES;
				CLANG_WARN_ENUM_CONVERSION = YES;
				CLANG_WARN_INFINITE_RECURSION = YES;
				CLANG_WARN_INT_CONVERSION = YES;
				CLANG_WARN_NON_LITERAL_NULL_CONVERSION = YES;
				CLANG_WARN_OBJC_IMPLICIT_RETAIN_SELF = YES;
				CLANG_WARN_OBJC_LITERAL_CONVERSION = YES;
				CLANG_WARN_OBJC_ROOT_CLASS = YES_ERROR;
				CLANG_WARN_QUOTED_INCLUDE_IN_FRAMEWORK_HEADER = YES;
				CLANG_WARN_RANGE_LOOP_ANALYSIS = YES;
				CLANG_WARN_STRICT_PROTOTYPES = YES;
				CLANG_WARN_SUSPICIOUS_MOVE = YES;
				CLANG_WARN_UNGUARDED_AVAILABILITY = YES_AGGRESSIVE;
				CLANG_WARN_UNREACHABLE_CODE = YES;
				CLANG_WARN__DUPLICATE_METHOD_MATCH = YES;
				COPY_PHASE_STRIP = NO;
				DEBUG_INFORMATION_FORMAT = "dwarf-with-dsym";
				ENABLE_NS_ASSERTIONS = NO;
				ENABLE_STRICT_OBJC_MSGSEND = YES;
				ENABLE_USER_SCRIPT_SANDBOXING = YES;
				GCC_C_LANGUAGE_STANDARD = gnu17;
				GCC_NO_COMMON_BLOCKS = YES;
				GCC_WARN_64_TO_32_BIT_CONVERSION = YES;
				GCC_WARN_ABOUT_RETURN_TYPE = YES_ERROR;
				GCC_WARN_UNDECLARED_SELECTOR = YES;
				GCC_WARN_UNINITIALIZED_AUTOS = YES_AGGRESSIVE;
				GCC_WARN_UNUSED_FUNCTION = YES;
				GCC_WARN_UNUSED_VARIABLE = YES;
				LOCALIZATION_PREFERS_STRING_CATALOGS = YES;
				MTL_ENABLE_DEBUG_INFO = NO;
				MTL_FAST_MATH = YES;
				SWIFT_COMPILATION_MODE = wholemodule;
			};
			name = Release;
		};
		6EEFA4472C2DBD7C00FF188C /* Debug */ = {
			isa = XCBuildConfiguration;
			buildSettings = {
				ASSETCATALOG_COMPILER_APPICON_NAME = AppIcon;
				ASSETCATALOG_COMPILER_GLOBAL_ACCENT_COLOR_NAME = AccentColor;
				CODE_SIGN_ENTITLEMENTS = InteractiveX/InteractiveX.entitlements;
				CODE_SIGN_STYLE = Automatic;
				CURRENT_PROJECT_VERSION = 1;
				DEVELOPMENT_ASSET_PATHS = "";
				DEVELOPMENT_TEAM = ZFW3UYKR99;
				ENABLE_HARDENED_RUNTIME = YES;
				ENABLE_PREVIEWS = YES;
				GENERATE_INFOPLIST_FILE = YES;
				INFOPLIST_FILE = InteractiveX/Info.plist;
				"INFOPLIST_KEY_UIApplicationSceneManifest_Generation[sdk=iphoneos*]" = YES;
				"INFOPLIST_KEY_UIApplicationSceneManifest_Generation[sdk=iphonesimulator*]" = YES;
				"INFOPLIST_KEY_UIApplicationSupportsIndirectInputEvents[sdk=iphoneos*]" = YES;
				"INFOPLIST_KEY_UIApplicationSupportsIndirectInputEvents[sdk=iphonesimulator*]" = YES;
				"INFOPLIST_KEY_UILaunchScreen_Generation[sdk=iphoneos*]" = YES;
				"INFOPLIST_KEY_UILaunchScreen_Generation[sdk=iphonesimulator*]" = YES;
				"INFOPLIST_KEY_UIStatusBarStyle[sdk=iphoneos*]" = UIStatusBarStyleDefault;
				"INFOPLIST_KEY_UIStatusBarStyle[sdk=iphonesimulator*]" = UIStatusBarStyleDefault;
				INFOPLIST_KEY_UISupportedInterfaceOrientations_iPad = "UIInterfaceOrientationPortrait UIInterfaceOrientationPortraitUpsideDown UIInterfaceOrientationLandscapeLeft UIInterfaceOrientationLandscapeRight";
				INFOPLIST_KEY_UISupportedInterfaceOrientations_iPhone = "UIInterfaceOrientationPortrait UIInterfaceOrientationLandscapeLeft UIInterfaceOrientationLandscapeRight";
				IPHONEOS_DEPLOYMENT_TARGET = 17.5;
				LD_RUNPATH_SEARCH_PATHS = "@executable_path/Frameworks";
				"LD_RUNPATH_SEARCH_PATHS[sdk=macosx*]" = "@executable_path/../Frameworks";
				MACOSX_DEPLOYMENT_TARGET = 14.5;
				MARKETING_VERSION = 1.0;
				PRODUCT_BUNDLE_IDENTIFIER = com.YashwantSheshkar.InteractiveX;
				PRODUCT_NAME = "$(TARGET_NAME)";
				SDKROOT = auto;
				SUPPORTED_PLATFORMS = "iphoneos iphonesimulator macosx";
				SWIFT_EMIT_LOC_STRINGS = YES;
				SWIFT_VERSION = 5.0;
				TARGETED_DEVICE_FAMILY = "1,2";
			};
			name = Debug;
		};
		6EEFA4482C2DBD7C00FF188C /* Release */ = {
			isa = XCBuildConfiguration;
			buildSettings = {
				ASSETCATALOG_COMPILER_APPICON_NAME = AppIcon;
				ASSETCATALOG_COMPILER_GLOBAL_ACCENT_COLOR_NAME = AccentColor;
				CODE_SIGN_ENTITLEMENTS = InteractiveX/InteractiveX.entitlements;
				CODE_SIGN_STYLE = Automatic;
				CURRENT_PROJECT_VERSION = 1;
				DEVELOPMENT_ASSET_PATHS = "";
				DEVELOPMENT_TEAM = ZFW3UYKR99;
				ENABLE_HARDENED_RUNTIME = YES;
				ENABLE_PREVIEWS = YES;
				GENERATE_INFOPLIST_FILE = YES;
				INFOPLIST_FILE = InteractiveX/Info.plist;
				"INFOPLIST_KEY_UIApplicationSceneManifest_Generation[sdk=iphoneos*]" = YES;
				"INFOPLIST_KEY_UIApplicationSceneManifest_Generation[sdk=iphonesimulator*]" = YES;
				"INFOPLIST_KEY_UIApplicationSupportsIndirectInputEvents[sdk=iphoneos*]" = YES;
				"INFOPLIST_KEY_UIApplicationSupportsIndirectInputEvents[sdk=iphonesimulator*]" = YES;
				"INFOPLIST_KEY_UILaunchScreen_Generation[sdk=iphoneos*]" = YES;
				"INFOPLIST_KEY_UILaunchScreen_Generation[sdk=iphonesimulator*]" = YES;
				"INFOPLIST_KEY_UIStatusBarStyle[sdk=iphoneos*]" = UIStatusBarStyleDefault;
				"INFOPLIST_KEY_UIStatusBarStyle[sdk=iphonesimulator*]" = UIStatusBarStyleDefault;
				INFOPLIST_KEY_UISupportedInterfaceOrientations_iPad = "UIInterfaceOrientationPortrait UIInterfaceOrientationPortraitUpsideDown UIInterfaceOrientationLandscapeLeft UIInterfaceOrientationLandscapeRight";
				INFOPLIST_KEY_UISupportedInterfaceOrientations_iPhone = "UIInterfaceOrientationPortrait UIInterfaceOrientationLandscapeLeft UIInterfaceOrientationLandscapeRight";
				IPHONEOS_DEPLOYMENT_TARGET = 17.5;
				LD_RUNPATH_SEARCH_PATHS = "@executable_path/Frameworks";
				"LD_RUNPATH_SEARCH_PATHS[sdk=macosx*]" = "@executable_path/../Frameworks";
				MACOSX_DEPLOYMENT_TARGET = 14.5;
				MARKETING_VERSION = 1.0;
				PRODUCT_BUNDLE_IDENTIFIER = com.YashwantSheshkar.InteractiveX;
				PRODUCT_NAME = "$(TARGET_NAME)";
				SDKROOT = auto;
				SUPPORTED_PLATFORMS = "iphoneos iphonesimulator macosx";
				SWIFT_EMIT_LOC_STRINGS = YES;
				SWIFT_VERSION = 5.0;
				TARGETED_DEVICE_FAMILY = "1,2";
			};
			name = Release;
		};
		6EEFA44A2C2DBD7C00FF188C /* Debug */ = {
			isa = XCBuildConfiguration;
			buildSettings = {
				ALWAYS_EMBED_SWIFT_STANDARD_LIBRARIES = YES;
				BUNDLE_LOADER = "$(TEST_HOST)";
				CODE_SIGN_STYLE = Automatic;
				CURRENT_PROJECT_VERSION = 1;
				DEVELOPMENT_TEAM = ZFW3UYKR99;
				GENERATE_INFOPLIST_FILE = YES;
				IPHONEOS_DEPLOYMENT_TARGET = 17.5;
				MACOSX_DEPLOYMENT_TARGET = 14.5;
				MARKETING_VERSION = 1.0;
				PRODUCT_BUNDLE_IDENTIFIER = com.YashwantSheshkar.InteractiveXTests;
				PRODUCT_NAME = "$(TARGET_NAME)";
				SDKROOT = auto;
				SUPPORTED_PLATFORMS = "iphoneos iphonesimulator macosx";
				SWIFT_EMIT_LOC_STRINGS = NO;
				SWIFT_VERSION = 5.0;
				TARGETED_DEVICE_FAMILY = "1,2";
				TEST_HOST = "$(BUILT_PRODUCTS_DIR)/InteractiveX.app/$(BUNDLE_EXECUTABLE_FOLDER_PATH)/InteractiveX";
			};
			name = Debug;
		};
		6EEFA44B2C2DBD7C00FF188C /* Release */ = {
			isa = XCBuildConfiguration;
			buildSettings = {
				ALWAYS_EMBED_SWIFT_STANDARD_LIBRARIES = YES;
				BUNDLE_LOADER = "$(TEST_HOST)";
				CODE_SIGN_STYLE = Automatic;
				CURRENT_PROJECT_VERSION = 1;
				DEVELOPMENT_TEAM = ZFW3UYKR99;
				GENERATE_INFOPLIST_FILE = YES;
				IPHONEOS_DEPLOYMENT_TARGET = 17.5;
				MACOSX_DEPLOYMENT_TARGET = 14.5;
				MARKETING_VERSION = 1.0;
				PRODUCT_BUNDLE_IDENTIFIER = com.YashwantSheshkar.InteractiveXTests;
				PRODUCT_NAME = "$(TARGET_NAME)";
				SDKROOT = auto;
				SUPPORTED_PLATFORMS = "iphoneos iphonesimulator macosx";
				SWIFT_EMIT_LOC_STRINGS = NO;
				SWIFT_VERSION = 5.0;
				TARGETED_DEVICE_FAMILY = "1,2";
				TEST_HOST = "$(BUILT_PRODUCTS_DIR)/InteractiveX.app/$(BUNDLE_EXECUTABLE_FOLDER_PATH)/InteractiveX";
			};
			name = Release;
		};
		6EEFA44D2C2DBD7C00FF188C /* Debug */ = {
			isa = XCBuildConfiguration;
			buildSettings = {
				ALWAYS_EMBED_SWIFT_STANDARD_LIBRARIES = YES;
				CODE_SIGN_STYLE = Automatic;
				CURRENT_PROJECT_VERSION = 1;
				DEVELOPMENT_TEAM = ZFW3UYKR99;
				GENERATE_INFOPLIST_FILE = YES;
				IPHONEOS_DEPLOYMENT_TARGET = 17.5;
				MACOSX_DEPLOYMENT_TARGET = 14.5;
				MARKETING_VERSION = 1.0;
				PRODUCT_BUNDLE_IDENTIFIER = com.YashwantSheshkar.InteractiveXUITests;
				PRODUCT_NAME = "$(TARGET_NAME)";
				SDKROOT = auto;
				SUPPORTED_PLATFORMS = "iphoneos iphonesimulator macosx";
				SWIFT_EMIT_LOC_STRINGS = NO;
				SWIFT_VERSION = 5.0;
				TARGETED_DEVICE_FAMILY = "1,2";
				TEST_TARGET_NAME = InteractiveX;
			};
			name = Debug;
		};
		6EEFA44E2C2DBD7C00FF188C /* Release */ = {
			isa = XCBuildConfiguration;
			buildSettings = {
				ALWAYS_EMBED_SWIFT_STANDARD_LIBRARIES = YES;
				CODE_SIGN_STYLE = Automatic;
				CURRENT_PROJECT_VERSION = 1;
				DEVELOPMENT_TEAM = ZFW3UYKR99;
				GENERATE_INFOPLIST_FILE = YES;
				IPHONEOS_DEPLOYMENT_TARGET = 17.5;
				MACOSX_DEPLOYMENT_TARGET = 14.5;
				MARKETING_VERSION = 1.0;
				PRODUCT_BUNDLE_IDENTIFIER = com.YashwantSheshkar.InteractiveXUITests;
				PRODUCT_NAME = "$(TARGET_NAME)";
				SDKROOT = auto;
				SUPPORTED_PLATFORMS = "iphoneos iphonesimulator macosx";
				SWIFT_EMIT_LOC_STRINGS = NO;
				SWIFT_VERSION = 5.0;
				TARGETED_DEVICE_FAMILY = "1,2";
				TEST_TARGET_NAME = InteractiveX;
			};
			name = Release;
		};
/* End XCBuildConfiguration section */

/* Begin XCConfigurationList section */
		6EEFA41C2C2DBD7B00FF188C /* Build configuration list for PBXProject "InteractiveX" */ = {
			isa = XCConfigurationList;
			buildConfigurations = (
				6EEFA4442C2DBD7C00FF188C /* Debug */,
				6EEFA4452C2DBD7C00FF188C /* Release */,
			);
			defaultConfigurationIsVisible = 0;
			defaultConfigurationName = Release;
		};
		6EEFA4462C2DBD7C00FF188C /* Build configuration list for PBXNativeTarget "InteractiveX" */ = {
			isa = XCConfigurationList;
			buildConfigurations = (
				6EEFA4472C2DBD7C00FF188C /* Debug */,
				6EEFA4482C2DBD7C00FF188C /* Release */,
			);
			defaultConfigurationIsVisible = 0;
			defaultConfigurationName = Release;
		};
		6EEFA4492C2DBD7C00FF188C /* Build configuration list for PBXNativeTarget "InteractiveXTests" */ = {
			isa = XCConfigurationList;
			buildConfigurations = (
				6EEFA44A2C2DBD7C00FF188C /* Debug */,
				6EEFA44B2C2DBD7C00FF188C /* Release */,
			);
			defaultConfigurationIsVisible = 0;
			defaultConfigurationName = Release;
		};
		6EEFA44C2C2DBD7C00FF188C /* Build configuration list for PBXNativeTarget "InteractiveXUITests" */ = {
			isa = XCConfigurationList;
			buildConfigurations = (
				6EEFA44D2C2DBD7C00FF188C /* Debug */,
				6EEFA44E2C2DBD7C00FF188C /* Release */,
			);
			defaultConfigurationIsVisible = 0;
			defaultConfigurationName = Release;
		};
/* End XCConfigurationList section */
	};
	rootObject = 6EEFA4192C2DBD7B00FF188C /* Project object */;
}
